// !$*UTF8*$!
{
	archiveVersion = 1;
	classes = {
	};
	objectVersion = 46;
	objects = {

/* Begin PBXBuildFile section */
		CE0A390E1579E1C700BEDC0C /* TXControlsViewController.m in Sources */ = {isa = PBXBuildFile; fileRef = CE0A390D1579E1C700BEDC0C /* TXControlsViewController.m */; };
		CE0A39151579F40100BEDC0C /* TXTextFieldViewController.m in Sources */ = {isa = PBXBuildFile; fileRef = CE0A39141579F40100BEDC0C /* TXTextFieldViewController.m */; };
		CE0A39181579FC2300BEDC0C /* TXTextViewViewController.m in Sources */ = {isa = PBXBuildFile; fileRef = CE0A39171579FC2300BEDC0C /* TXTextViewViewController.m */; };
		CE0A391F157A094800BEDC0C /* TXToolBarViewController.m in Sources */ = {isa = PBXBuildFile; fileRef = CE0A391E157A094800BEDC0C /* TXToolBarViewController.m */; };
		CEB435011571F6C300D9A1CC /* TXButtonsDynamicViewController.m in Sources */ = {isa = PBXBuildFile; fileRef = CEB435001571F6C300D9A1CC /* TXButtonsDynamicViewController.m */; };
		CEE76B661568BDD6008D9249 /* UIKit.framework in Frameworks */ = {isa = PBXBuildFile; fileRef = CEE76B651568BDD6008D9249 /* UIKit.framework */; };
		CEE76B681568BDD6008D9249 /* Foundation.framework in Frameworks */ = {isa = PBXBuildFile; fileRef = CEE76B671568BDD6008D9249 /* Foundation.framework */; };
		CEE76B6A1568BDD6008D9249 /* CoreGraphics.framework in Frameworks */ = {isa = PBXBuildFile; fileRef = CEE76B691568BDD6008D9249 /* CoreGraphics.framework */; };
		CEE76B701568BDD6008D9249 /* InfoPlist.strings in Resources */ = {isa = PBXBuildFile; fileRef = CEE76B6E1568BDD6008D9249 /* InfoPlist.strings */; };
		CEE76B721568BDD6008D9249 /* main.m in Sources */ = {isa = PBXBuildFile; fileRef = CEE76B711568BDD6008D9249 /* main.m */; };
		CEE76B761568BDD6008D9249 /* TXAppDelegate.m in Sources */ = {isa = PBXBuildFile; fileRef = CEE76B751568BDD6008D9249 /* TXAppDelegate.m */; };
		CEE76B7D1568BF6E008D9249 /* Storyboard.storyboard in Resources */ = {isa = PBXBuildFile; fileRef = CEE76B7C1568BF6E008D9249 /* Storyboard.storyboard */; };
		CEE76B801568D12B008D9249 /* TXCatalogTableViewController.m in Sources */ = {isa = PBXBuildFile; fileRef = CEE76B7F1568D12B008D9249 /* TXCatalogTableViewController.m */; };
		CEE76B861568D5F3008D9249 /* TXButtonsTableViewController.m in Sources */ = {isa = PBXBuildFile; fileRef = CEE76B851568D5F3008D9249 /* TXButtonsTableViewController.m */; };
		CEE8F5641571FC1400F962D2 /* 12-6AM.png in Resources */ = {isa = PBXBuildFile; fileRef = CEE8F5441571FC1400F962D2 /* 12-6AM.png */; };
		CEE8F5651571FC1400F962D2 /* 12-6PM.png in Resources */ = {isa = PBXBuildFile; fileRef = CEE8F5451571FC1400F962D2 /* 12-6PM.png */; };
		CEE8F5661571FC1400F962D2 /* 6-12AM.png in Resources */ = {isa = PBXBuildFile; fileRef = CEE8F5461571FC1400F962D2 /* 6-12AM.png */; };
		CEE8F5671571FC1400F962D2 /* 6-12PM.png in Resources */ = {isa = PBXBuildFile; fileRef = CEE8F5471571FC1400F962D2 /* 6-12PM.png */; };
		CEE8F5681571FC1400F962D2 /* blueButton.png in Resources */ = {isa = PBXBuildFile; fileRef = CEE8F5481571FC1400F962D2 /* blueButton.png */; };
		CEE8F5691571FC1400F962D2 /* bookmarkImage.png in Resources */ = {isa = PBXBuildFile; fileRef = CEE8F5491571FC1400F962D2 /* bookmarkImage.png */; };
		CEE8F56A1571FC1400F962D2 /* bookmarkImageHighlighted.png in Resources */ = {isa = PBXBuildFile; fileRef = CEE8F54A1571FC1400F962D2 /* bookmarkImageHighlighted.png */; };
		CEE8F56B1571FC1400F962D2 /* Default.png in Resources */ = {isa = PBXBuildFile; fileRef = CEE8F54B1571FC1400F962D2 /* Default.png */; };
		CEE8F56C1571FC1400F962D2 /* divider.png in Resources */ = {isa = PBXBuildFile; fileRef = CEE8F54C1571FC1400F962D2 /* divider.png */; };
		CEE8F56D1571FC1400F962D2 /* Icon-72.png in Resources */ = {isa = PBXBuildFile; fileRef = CEE8F54D1571FC1400F962D2 /* Icon-72.png */; };
		CEE8F56E1571FC1400F962D2 /* Icon-Small-50.png in Resources */ = {isa = PBXBuildFile; fileRef = CEE8F54E1571FC1400F962D2 /* Icon-Small-50.png */; };
		CEE8F56F1571FC1400F962D2 /* Icon-Small.png in Resources */ = {isa = PBXBuildFile; fileRef = CEE8F54F1571FC1400F962D2 /* Icon-Small.png */; };
		CEE8F5701571FC1400F962D2 /* Icon-Small@2x.png in Resources */ = {isa = PBXBuildFile; fileRef = CEE8F5501571FC1400F962D2 /* Icon-Small@2x.png */; };
		CEE8F5711571FC1400F962D2 /* Icon.png in Resources */ = {isa = PBXBuildFile; fileRef = CEE8F5511571FC1400F962D2 /* Icon.png */; };
		CEE8F5721571FC1400F962D2 /* Icon@2x.png in Resources */ = {isa = PBXBuildFile; fileRef = CEE8F5521571FC1400F962D2 /* Icon@2x.png */; };
		CEE8F5731571FC1400F962D2 /* iTunesArtwork in Resources */ = {isa = PBXBuildFile; fileRef = CEE8F5531571FC1400F962D2 /* iTunesArtwork */; };
		CEE8F5741571FC1400F962D2 /* orangeslide.png in Resources */ = {isa = PBXBuildFile; fileRef = CEE8F5541571FC1400F962D2 /* orangeslide.png */; };
		CEE8F5751571FC1400F962D2 /* scene1.jpg in Resources */ = {isa = PBXBuildFile; fileRef = CEE8F5551571FC1400F962D2 /* scene1.jpg */; };
		CEE8F5761571FC1400F962D2 /* scene2.jpg in Resources */ = {isa = PBXBuildFile; fileRef = CEE8F5561571FC1400F962D2 /* scene2.jpg */; };
		CEE8F5771571FC1400F962D2 /* scene3.jpg in Resources */ = {isa = PBXBuildFile; fileRef = CEE8F5571571FC1400F962D2 /* scene3.jpg */; };
		CEE8F5781571FC1400F962D2 /* scene4.jpg in Resources */ = {isa = PBXBuildFile; fileRef = CEE8F5581571FC1400F962D2 /* scene4.jpg */; };
		CEE8F5791571FC1400F962D2 /* scene5.jpg in Resources */ = {isa = PBXBuildFile; fileRef = CEE8F5591571FC1400F962D2 /* scene5.jpg */; };
		CEE8F57A1571FC1400F962D2 /* searchBarBackground.png in Resources */ = {isa = PBXBuildFile; fileRef = CEE8F55A1571FC1400F962D2 /* searchBarBackground.png */; };
		CEE8F57B1571FC1400F962D2 /* segment_check.png in Resources */ = {isa = PBXBuildFile; fileRef = CEE8F55B1571FC1400F962D2 /* segment_check.png */; };
		CEE8F57C1571FC1400F962D2 /* segment_search.png in Resources */ = {isa = PBXBuildFile; fileRef = CEE8F55C1571FC1400F962D2 /* segment_search.png */; };
		CEE8F57D1571FC1400F962D2 /* segment_tools.png in Resources */ = {isa = PBXBuildFile; fileRef = CEE8F55D1571FC1400F962D2 /* segment_tools.png */; };
		CEE8F57E1571FC1400F962D2 /* segmentedBackground.png in Resources */ = {isa = PBXBuildFile; fileRef = CEE8F55E1571FC1400F962D2 /* segmentedBackground.png */; };
		CEE8F57F1571FC1400F962D2 /* slider_ball.png in Resources */ = {isa = PBXBuildFile; fileRef = CEE8F55F1571FC1400F962D2 /* slider_ball.png */; };
		CEE8F5801571FC1400F962D2 /* toolbarBackground.png in Resources */ = {isa = PBXBuildFile; fileRef = CEE8F5601571FC1400F962D2 /* toolbarBackground.png */; };
		CEE8F5811571FC1400F962D2 /* UIButton_custom.png in Resources */ = {isa = PBXBuildFile; fileRef = CEE8F5611571FC1400F962D2 /* UIButton_custom.png */; };
		CEE8F5821571FC1400F962D2 /* whiteButton.png in Resources */ = {isa = PBXBuildFile; fileRef = CEE8F5621571FC1400F962D2 /* whiteButton.png */; };
		CEE8F5831571FC1400F962D2 /* yellowslide.png in Resources */ = {isa = PBXBuildFile; fileRef = CEE8F5631571FC1400F962D2 /* yellowslide.png */; };
/* End PBXBuildFile section */

/* Begin PBXFileReference section */
		CE0A390C1579E1C700BEDC0C /* TXControlsViewController.h */ = {isa = PBXFileReference; fileEncoding = 4; lastKnownFileType = sourcecode.c.h; name = TXControlsViewController.h; path = Classes/TXControlsViewController.h; sourceTree = "<group>"; };
		CE0A390D1579E1C700BEDC0C /* TXControlsViewController.m */ = {isa = PBXFileReference; fileEncoding = 4; lastKnownFileType = sourcecode.c.objc; name = TXControlsViewController.m; path = Classes/TXControlsViewController.m; sourceTree = "<group>"; };
		CE0A39131579F40100BEDC0C /* TXTextFieldViewController.h */ = {isa = PBXFileReference; fileEncoding = 4; lastKnownFileType = sourcecode.c.h; name = TXTextFieldViewController.h; path = Classes/TXTextFieldViewController.h; sourceTree = "<group>"; };
		CE0A39141579F40100BEDC0C /* TXTextFieldViewController.m */ = {isa = PBXFileReference; fileEncoding = 4; lastKnownFileType = sourcecode.c.objc; name = TXTextFieldViewController.m; path = Classes/TXTextFieldViewController.m; sourceTree = "<group>"; };
		CE0A39161579FC2300BEDC0C /* TXTextViewViewController.h */ = {isa = PBXFileReference; fileEncoding = 4; lastKnownFileType = sourcecode.c.h; name = TXTextViewViewController.h; path = Classes/TXTextViewViewController.h; sourceTree = "<group>"; };
		CE0A39171579FC2300BEDC0C /* TXTextViewViewController.m */ = {isa = PBXFileReference; fileEncoding = 4; lastKnownFileType = sourcecode.c.objc; name = TXTextViewViewController.m; path = Classes/TXTextViewViewController.m; sourceTree = "<group>"; };
		CE0A391D157A094800BEDC0C /* TXToolBarViewController.h */ = {isa = PBXFileReference; fileEncoding = 4; lastKnownFileType = sourcecode.c.h; name = TXToolBarViewController.h; path = Classes/TXToolBarViewController.h; sourceTree = "<group>"; };
		CE0A391E157A094800BEDC0C /* TXToolBarViewController.m */ = {isa = PBXFileReference; fileEncoding = 4; lastKnownFileType = sourcecode.c.objc; name = TXToolBarViewController.m; path = Classes/TXToolBarViewController.m; sourceTree = "<group>"; };
		CEB434FF1571F6C300D9A1CC /* TXButtonsDynamicViewController.h */ = {isa = PBXFileReference; fileEncoding = 4; lastKnownFileType = sourcecode.c.h; name = TXButtonsDynamicViewController.h; path = Classes/TXButtonsDynamicViewController.h; sourceTree = "<group>"; };
		CEB435001571F6C300D9A1CC /* TXButtonsDynamicViewController.m */ = {isa = PBXFileReference; fileEncoding = 4; lastKnownFileType = sourcecode.c.objc; name = TXButtonsDynamicViewController.m; path = Classes/TXButtonsDynamicViewController.m; sourceTree = "<group>"; };
		CEE76B611568BDD6008D9249 /* UICatalog5.app */ = {isa = PBXFileReference; explicitFileType = wrapper.application; includeInIndex = 0; path = UICatalog5.app; sourceTree = BUILT_PRODUCTS_DIR; };
		CEE76B651568BDD6008D9249 /* UIKit.framework */ = {isa = PBXFileReference; lastKnownFileType = wrapper.framework; name = UIKit.framework; path = System/Library/Frameworks/UIKit.framework; sourceTree = SDKROOT; };
		CEE76B671568BDD6008D9249 /* Foundation.framework */ = {isa = PBXFileReference; lastKnownFileType = wrapper.framework; name = Foundation.framework; path = System/Library/Frameworks/Foundation.framework; sourceTree = SDKROOT; };
		CEE76B691568BDD6008D9249 /* CoreGraphics.framework */ = {isa = PBXFileReference; lastKnownFileType = wrapper.framework; name = CoreGraphics.framework; path = System/Library/Frameworks/CoreGraphics.framework; sourceTree = SDKROOT; };
		CEE76B6D1568BDD6008D9249 /* UICatalog5-Info.plist */ = {isa = PBXFileReference; lastKnownFileType = text.plist.xml; path = "UICatalog5-Info.plist"; sourceTree = "<group>"; };
		CEE76B6F1568BDD6008D9249 /* en */ = {isa = PBXFileReference; lastKnownFileType = text.plist.strings; name = en; path = en.lproj/InfoPlist.strings; sourceTree = "<group>"; };
		CEE76B711568BDD6008D9249 /* main.m */ = {isa = PBXFileReference; lastKnownFileType = sourcecode.c.objc; path = main.m; sourceTree = "<group>"; };
		CEE76B731568BDD6008D9249 /* UICatalog5-Prefix.pch */ = {isa = PBXFileReference; lastKnownFileType = sourcecode.c.h; path = "UICatalog5-Prefix.pch"; sourceTree = "<group>"; };
		CEE76B741568BDD6008D9249 /* TXAppDelegate.h */ = {isa = PBXFileReference; lastKnownFileType = sourcecode.c.h; path = TXAppDelegate.h; sourceTree = "<group>"; };
		CEE76B751568BDD6008D9249 /* TXAppDelegate.m */ = {isa = PBXFileReference; lastKnownFileType = sourcecode.c.objc; path = TXAppDelegate.m; sourceTree = "<group>"; };
		CEE76B7C1568BF6E008D9249 /* Storyboard.storyboard */ = {isa = PBXFileReference; fileEncoding = 4; lastKnownFileType = file.storyboard; path = Storyboard.storyboard; sourceTree = "<group>"; };
		CEE76B7E1568D12B008D9249 /* TXCatalogTableViewController.h */ = {isa = PBXFileReference; fileEncoding = 4; lastKnownFileType = sourcecode.c.h; name = TXCatalogTableViewController.h; path = Classes/TXCatalogTableViewController.h; sourceTree = "<group>"; };
		CEE76B7F1568D12B008D9249 /* TXCatalogTableViewController.m */ = {isa = PBXFileReference; fileEncoding = 4; lastKnownFileType = sourcecode.c.objc; name = TXCatalogTableViewController.m; path = Classes/TXCatalogTableViewController.m; sourceTree = "<group>"; };
		CEE76B841568D5F3008D9249 /* TXButtonsTableViewController.h */ = {isa = PBXFileReference; fileEncoding = 4; lastKnownFileType = sourcecode.c.h; name = TXButtonsTableViewController.h; path = Classes/TXButtonsTableViewController.h; sourceTree = "<group>"; };
		CEE76B851568D5F3008D9249 /* TXButtonsTableViewController.m */ = {isa = PBXFileReference; fileEncoding = 4; lastKnownFileType = sourcecode.c.objc; name = TXButtonsTableViewController.m; path = Classes/TXButtonsTableViewController.m; sourceTree = "<group>"; };
		CEE8F5441571FC1400F962D2 /* 12-6AM.png */ = {isa = PBXFileReference; lastKnownFileType = image.png; path = "12-6AM.png"; sourceTree = "<group>"; };
		CEE8F5451571FC1400F962D2 /* 12-6PM.png */ = {isa = PBXFileReference; lastKnownFileType = image.png; path = "12-6PM.png"; sourceTree = "<group>"; };
		CEE8F5461571FC1400F962D2 /* 6-12AM.png */ = {isa = PBXFileReference; lastKnownFileType = image.png; path = "6-12AM.png"; sourceTree = "<group>"; };
		CEE8F5471571FC1400F962D2 /* 6-12PM.png */ = {isa = PBXFileReference; lastKnownFileType = image.png; path = "6-12PM.png"; sourceTree = "<group>"; };
		CEE8F5481571FC1400F962D2 /* blueButton.png */ = {isa = PBXFileReference; lastKnownFileType = image.png; path = blueButton.png; sourceTree = "<group>"; };
		CEE8F5491571FC1400F962D2 /* bookmarkImage.png */ = {isa = PBXFileReference; lastKnownFileType = image.png; path = bookmarkImage.png; sourceTree = "<group>"; };
		CEE8F54A1571FC1400F962D2 /* bookmarkImageHighlighted.png */ = {isa = PBXFileReference; lastKnownFileType = image.png; path = bookmarkImageHighlighted.png; sourceTree = "<group>"; };
		CEE8F54B1571FC1400F962D2 /* Default.png */ = {isa = PBXFileReference; lastKnownFileType = image.png; path = Default.png; sourceTree = "<group>"; };
		CEE8F54C1571FC1400F962D2 /* divider.png */ = {isa = PBXFileReference; lastKnownFileType = image.png; path = divider.png; sourceTree = "<group>"; };
		CEE8F54D1571FC1400F962D2 /* Icon-72.png */ = {isa = PBXFileReference; lastKnownFileType = image.png; path = "Icon-72.png"; sourceTree = "<group>"; };
		CEE8F54E1571FC1400F962D2 /* Icon-Small-50.png */ = {isa = PBXFileReference; lastKnownFileType = image.png; path = "Icon-Small-50.png"; sourceTree = "<group>"; };
		CEE8F54F1571FC1400F962D2 /* Icon-Small.png */ = {isa = PBXFileReference; lastKnownFileType = image.png; path = "Icon-Small.png"; sourceTree = "<group>"; };
		CEE8F5501571FC1400F962D2 /* Icon-Small@2x.png */ = {isa = PBXFileReference; lastKnownFileType = image.png; path = "Icon-Small@2x.png"; sourceTree = "<group>"; };
		CEE8F5511571FC1400F962D2 /* Icon.png */ = {isa = PBXFileReference; lastKnownFileType = image.png; path = Icon.png; sourceTree = "<group>"; };
		CEE8F5521571FC1400F962D2 /* Icon@2x.png */ = {isa = PBXFileReference; lastKnownFileType = image.png; path = "Icon@2x.png"; sourceTree = "<group>"; };
		CEE8F5531571FC1400F962D2 /* iTunesArtwork */ = {isa = PBXFileReference; lastKnownFileType = file; path = iTunesArtwork; sourceTree = "<group>"; };
		CEE8F5541571FC1400F962D2 /* orangeslide.png */ = {isa = PBXFileReference; lastKnownFileType = image.png; path = orangeslide.png; sourceTree = "<group>"; };
		CEE8F5551571FC1400F962D2 /* scene1.jpg */ = {isa = PBXFileReference; lastKnownFileType = image.jpeg; path = scene1.jpg; sourceTree = "<group>"; };
		CEE8F5561571FC1400F962D2 /* scene2.jpg */ = {isa = PBXFileReference; lastKnownFileType = image.jpeg; path = scene2.jpg; sourceTree = "<group>"; };
		CEE8F5571571FC1400F962D2 /* scene3.jpg */ = {isa = PBXFileReference; lastKnownFileType = image.jpeg; path = scene3.jpg; sourceTree = "<group>"; };
		CEE8F5581571FC1400F962D2 /* scene4.jpg */ = {isa = PBXFileReference; lastKnownFileType = image.jpeg; path = scene4.jpg; sourceTree = "<group>"; };
		CEE8F5591571FC1400F962D2 /* scene5.jpg */ = {isa = PBXFileReference; lastKnownFileType = image.jpeg; path = scene5.jpg; sourceTree = "<group>"; };
		CEE8F55A1571FC1400F962D2 /* searchBarBackground.png */ = {isa = PBXFileReference; lastKnownFileType = image.png; path = searchBarBackground.png; sourceTree = "<group>"; };
		CEE8F55B1571FC1400F962D2 /* segment_check.png */ = {isa = PBXFileReference; lastKnownFileType = image.png; path = segment_check.png; sourceTree = "<group>"; };
		CEE8F55C1571FC1400F962D2 /* segment_search.png */ = {isa = PBXFileReference; lastKnownFileType = image.png; path = segment_search.png; sourceTree = "<group>"; };
		CEE8F55D1571FC1400F962D2 /* segment_tools.png */ = {isa = PBXFileReference; lastKnownFileType = image.png; path = segment_tools.png; sourceTree = "<group>"; };
		CEE8F55E1571FC1400F962D2 /* segmentedBackground.png */ = {isa = PBXFileReference; lastKnownFileType = image.png; path = segmentedBackground.png; sourceTree = "<group>"; };
		CEE8F55F1571FC1400F962D2 /* slider_ball.png */ = {isa = PBXFileReference; lastKnownFileType = image.png; path = slider_ball.png; sourceTree = "<group>"; };
		CEE8F5601571FC1400F962D2 /* toolbarBackground.png */ = {isa = PBXFileReference; lastKnownFileType = image.png; path = toolbarBackground.png; sourceTree = "<group>"; };
		CEE8F5611571FC1400F962D2 /* UIButton_custom.png */ = {isa = PBXFileReference; lastKnownFileType = image.png; path = UIButton_custom.png; sourceTree = "<group>"; };
		CEE8F5621571FC1400F962D2 /* whiteButton.png */ = {isa = PBXFileReference; lastKnownFileType = image.png; path = whiteButton.png; sourceTree = "<group>"; };
		CEE8F5631571FC1400F962D2 /* yellowslide.png */ = {isa = PBXFileReference; lastKnownFileType = image.png; path = yellowslide.png; sourceTree = "<group>"; };
/* End PBXFileReference section */

/* Begin PBXFrameworksBuildPhase section */
		CEE76B5E1568BDD6008D9249 /* Frameworks */ = {
			isa = PBXFrameworksBuildPhase;
			buildActionMask = 2147483647;
			files = (
				CEE76B661568BDD6008D9249 /* UIKit.framework in Frameworks */,
				CEE76B681568BDD6008D9249 /* Foundation.framework in Frameworks */,
				CEE76B6A1568BDD6008D9249 /* CoreGraphics.framework in Frameworks */,
			);
			runOnlyForDeploymentPostprocessing = 0;
		};
/* End PBXFrameworksBuildPhase section */

/* Begin PBXGroup section */
		CEE76B561568BDD6008D9249 = {
			isa = PBXGroup;
			children = (
				CEE76B6B1568BDD6008D9249 /* UICatalog5 */,
				CEE76B6C1568BDD6008D9249 /* Supporting Files */,
				CEE76B641568BDD6008D9249 /* Frameworks */,
				CEE76B621568BDD6008D9249 /* Products */,
			);
			sourceTree = "<group>";
		};
		CEE76B621568BDD6008D9249 /* Products */ = {
			isa = PBXGroup;
			children = (
				CEE76B611568BDD6008D9249 /* UICatalog5.app */,
			);
			name = Products;
			sourceTree = "<group>";
		};
		CEE76B641568BDD6008D9249 /* Frameworks */ = {
			isa = PBXGroup;
			children = (
				CEE76B651568BDD6008D9249 /* UIKit.framework */,
				CEE76B671568BDD6008D9249 /* Foundation.framework */,
				CEE76B691568BDD6008D9249 /* CoreGraphics.framework */,
			);
			name = Frameworks;
			sourceTree = "<group>";
		};
		CEE76B6B1568BDD6008D9249 /* UICatalog5 */ = {
			isa = PBXGroup;
			children = (
				CEE76B741568BDD6008D9249 /* TXAppDelegate.h */,
				CEE76B751568BDD6008D9249 /* TXAppDelegate.m */,
				CEE76B7E1568D12B008D9249 /* TXCatalogTableViewController.h */,
				CEE76B7F1568D12B008D9249 /* TXCatalogTableViewController.m */,
				CEE76B841568D5F3008D9249 /* TXButtonsTableViewController.h */,
				CEE76B851568D5F3008D9249 /* TXButtonsTableViewController.m */,
				CEB434FF1571F6C300D9A1CC /* TXButtonsDynamicViewController.h */,
				CEB435001571F6C300D9A1CC /* TXButtonsDynamicViewController.m */,
				CE0A390C1579E1C700BEDC0C /* TXControlsViewController.h */,
				CE0A390D1579E1C700BEDC0C /* TXControlsViewController.m */,
				CE0A39131579F40100BEDC0C /* TXTextFieldViewController.h */,
				CE0A39141579F40100BEDC0C /* TXTextFieldViewController.m */,
				CE0A39161579FC2300BEDC0C /* TXTextViewViewController.h */,
				CE0A39171579FC2300BEDC0C /* TXTextViewViewController.m */,
				CE0A391D157A094800BEDC0C /* TXToolBarViewController.h */,
				CE0A391E157A094800BEDC0C /* TXToolBarViewController.m */,
			);
			path = UICatalog5;
			sourceTree = "<group>";
		};
		CEE76B6C1568BDD6008D9249 /* Supporting Files */ = {
			isa = PBXGroup;
			children = (
				CEE8F5431571FC1400F962D2 /* images */,
				CEE76B6D1568BDD6008D9249 /* UICatalog5-Info.plist */,
				CEE76B6E1568BDD6008D9249 /* InfoPlist.strings */,
				CEE76B711568BDD6008D9249 /* main.m */,
				CEE76B731568BDD6008D9249 /* UICatalog5-Prefix.pch */,
				CEE76B7C1568BF6E008D9249 /* Storyboard.storyboard */,
			);
			name = "Supporting Files";
			path = UICatalog5;
			sourceTree = "<group>";
		};
		CEE8F5431571FC1400F962D2 /* images */ = {
			isa = PBXGroup;
			children = (
				CEE8F5441571FC1400F962D2 /* 12-6AM.png */,
				CEE8F5451571FC1400F962D2 /* 12-6PM.png */,
				CEE8F5461571FC1400F962D2 /* 6-12AM.png */,
				CEE8F5471571FC1400F962D2 /* 6-12PM.png */,
				CEE8F5481571FC1400F962D2 /* blueButton.png */,
				CEE8F5491571FC1400F962D2 /* bookmarkImage.png */,
				CEE8F54A1571FC1400F962D2 /* bookmarkImageHighlighted.png */,
				CEE8F54B1571FC1400F962D2 /* Default.png */,
				CEE8F54C1571FC1400F962D2 /* divider.png */,
				CEE8F54D1571FC1400F962D2 /* Icon-72.png */,
				CEE8F54E1571FC1400F962D2 /* Icon-Small-50.png */,
				CEE8F54F1571FC1400F962D2 /* Icon-Small.png */,
				CEE8F5501571FC1400F962D2 /* Icon-Small@2x.png */,
				CEE8F5511571FC1400F962D2 /* Icon.png */,
				CEE8F5521571FC1400F962D2 /* Icon@2x.png */,
				CEE8F5531571FC1400F962D2 /* iTunesArtwork */,
				CEE8F5541571FC1400F962D2 /* orangeslide.png */,
				CEE8F5551571FC1400F962D2 /* scene1.jpg */,
				CEE8F5561571FC1400F962D2 /* scene2.jpg */,
				CEE8F5571571FC1400F962D2 /* scene3.jpg */,
				CEE8F5581571FC1400F962D2 /* scene4.jpg */,
				CEE8F5591571FC1400F962D2 /* scene5.jpg */,
				CEE8F55A1571FC1400F962D2 /* searchBarBackground.png */,
				CEE8F55B1571FC1400F962D2 /* segment_check.png */,
				CEE8F55C1571FC1400F962D2 /* segment_search.png */,
				CEE8F55D1571FC1400F962D2 /* segment_tools.png */,
				CEE8F55E1571FC1400F962D2 /* segmentedBackground.png */,
				CEE8F55F1571FC1400F962D2 /* slider_ball.png */,
				CEE8F5601571FC1400F962D2 /* toolbarBackground.png */,
				CEE8F5611571FC1400F962D2 /* UIButton_custom.png */,
				CEE8F5621571FC1400F962D2 /* whiteButton.png */,
				CEE8F5631571FC1400F962D2 /* yellowslide.png */,
			);
			path = images;
			sourceTree = "<group>";
		};
/* End PBXGroup section */

/* Begin PBXNativeTarget section */
		CEE76B601568BDD6008D9249 /* UICatalog5 */ = {
			isa = PBXNativeTarget;
			buildConfigurationList = CEE76B791568BDD6008D9249 /* Build configuration list for PBXNativeTarget "UICatalog5" */;
			buildPhases = (
				CEE76B5D1568BDD6008D9249 /* Sources */,
				CEE76B5E1568BDD6008D9249 /* Frameworks */,
				CEE76B5F1568BDD6008D9249 /* Resources */,
			);
			buildRules = (
			);
			dependencies = (
			);
			name = UICatalog5;
			productName = UICatalog5;
			productReference = CEE76B611568BDD6008D9249 /* UICatalog5.app */;
			productType = "com.apple.product-type.application";
		};
/* End PBXNativeTarget section */

/* Begin PBXProject section */
		CEE76B581568BDD6008D9249 /* Project object */ = {
			isa = PBXProject;
			attributes = {
				CLASSPREFIX = TX;
				LastUpgradeCheck = 0430;
			};
			buildConfigurationList = CEE76B5B1568BDD6008D9249 /* Build configuration list for PBXProject "UICatalog5" */;
			compatibilityVersion = "Xcode 3.2";
			developmentRegion = English;
			hasScannedForEncodings = 0;
			knownRegions = (
				en,
			);
			mainGroup = CEE76B561568BDD6008D9249;
			productRefGroup = CEE76B621568BDD6008D9249 /* Products */;
			projectDirPath = "";
			projectRoot = "";
			targets = (
				CEE76B601568BDD6008D9249 /* UICatalog5 */,
			);
		};
/* End PBXProject section */

/* Begin PBXResourcesBuildPhase section */
		CEE76B5F1568BDD6008D9249 /* Resources */ = {
			isa = PBXResourcesBuildPhase;
			buildActionMask = 2147483647;
			files = (
				CEE76B701568BDD6008D9249 /* InfoPlist.strings in Resources */,
				CEE76B7D1568BF6E008D9249 /* Storyboard.storyboard in Resources */,
				CEE8F5641571FC1400F962D2 /* 12-6AM.png in Resources */,
				CEE8F5651571FC1400F962D2 /* 12-6PM.png in Resources */,
				CEE8F5661571FC1400F962D2 /* 6-12AM.png in Resources */,
				CEE8F5671571FC1400F962D2 /* 6-12PM.png in Resources */,
				CEE8F5681571FC1400F962D2 /* blueButton.png in Resources */,
				CEE8F5691571FC1400F962D2 /* bookmarkImage.png in Resources */,
				CEE8F56A1571FC1400F962D2 /* bookmarkImageHighlighted.png in Resources */,
				CEE8F56B1571FC1400F962D2 /* Default.png in Resources */,
				CEE8F56C1571FC1400F962D2 /* divider.png in Resources */,
				CEE8F56D1571FC1400F962D2 /* Icon-72.png in Resources */,
				CEE8F56E1571FC1400F962D2 /* Icon-Small-50.png in Resources */,
				CEE8F56F1571FC1400F962D2 /* Icon-Small.png in Resources */,
				CEE8F5701571FC1400F962D2 /* Icon-Small@2x.png in Resources */,
				CEE8F5711571FC1400F962D2 /* Icon.png in Resources */,
				CEE8F5721571FC1400F962D2 /* Icon@2x.png in Resources */,
				CEE8F5731571FC1400F962D2 /* iTunesArtwork in Resources */,
				CEE8F5741571FC1400F962D2 /* orangeslide.png in Resources */,
				CEE8F5751571FC1400F962D2 /* scene1.jpg in Resources */,
				CEE8F5761571FC1400F962D2 /* scene2.jpg in Resources */,
				CEE8F5771571FC1400F962D2 /* scene3.jpg in Resources */,
				CEE8F5781571FC1400F962D2 /* scene4.jpg in Resources */,
				CEE8F5791571FC1400F962D2 /* scene5.jpg in Resources */,
				CEE8F57A1571FC1400F962D2 /* searchBarBackground.png in Resources */,
				CEE8F57B1571FC1400F962D2 /* segment_check.png in Resources */,
				CEE8F57C1571FC1400F962D2 /* segment_search.png in Resources */,
				CEE8F57D1571FC1400F962D2 /* segment_tools.png in Resources */,
				CEE8F57E1571FC1400F962D2 /* segmentedBackground.png in Resources */,
				CEE8F57F1571FC1400F962D2 /* slider_ball.png in Resources */,
				CEE8F5801571FC1400F962D2 /* toolbarBackground.png in Resources */,
				CEE8F5811571FC1400F962D2 /* UIButton_custom.png in Resources */,
				CEE8F5821571FC1400F962D2 /* whiteButton.png in Resources */,
				CEE8F5831571FC1400F962D2 /* yellowslide.png in Resources */,
			);
			runOnlyForDeploymentPostprocessing = 0;
		};
/* End PBXResourcesBuildPhase section */

/* Begin PBXSourcesBuildPhase section */
		CEE76B5D1568BDD6008D9249 /* Sources */ = {
			isa = PBXSourcesBuildPhase;
			buildActionMask = 2147483647;
			files = (
				CEE76B721568BDD6008D9249 /* main.m in Sources */,
				CEE76B761568BDD6008D9249 /* TXAppDelegate.m in Sources */,
				CEE76B801568D12B008D9249 /* TXCatalogTableViewController.m in Sources */,
				CEE76B861568D5F3008D9249 /* TXButtonsTableViewController.m in Sources */,
				CEB435011571F6C300D9A1CC /* TXButtonsDynamicViewController.m in Sources */,
				CE0A390E1579E1C700BEDC0C /* TXControlsViewController.m in Sources */,
				CE0A39151579F40100BEDC0C /* TXTextFieldViewController.m in Sources */,
				CE0A39181579FC2300BEDC0C /* TXTextViewViewController.m in Sources */,
				CE0A391F157A094800BEDC0C /* TXToolBarViewController.m in Sources */,
			);
			runOnlyForDeploymentPostprocessing = 0;
		};
/* End PBXSourcesBuildPhase section */

/* Begin PBXVariantGroup section */
		CEE76B6E1568BDD6008D9249 /* InfoPlist.strings */ = {
			isa = PBXVariantGroup;
			children = (
				CEE76B6F1568BDD6008D9249 /* en */,
			);
			name = InfoPlist.strings;
			sourceTree = "<group>";
		};
/* End PBXVariantGroup section */

/* Begin XCBuildConfiguration section */
		CEE76B771568BDD6008D9249 /* Debug */ = {
			isa = XCBuildConfiguration;
			buildSettings = {
				ALWAYS_SEARCH_USER_PATHS = NO;
				ARCHS = "$(ARCHS_STANDARD_32_BIT)";
				CLANG_ENABLE_OBJC_ARC = YES;
				"CODE_SIGN_IDENTITY[sdk=iphoneos*]" = "iPhone Developer";
				COPY_PHASE_STRIP = NO;
				GCC_C_LANGUAGE_STANDARD = gnu99;
				GCC_DYNAMIC_NO_PIC = NO;
				GCC_OPTIMIZATION_LEVEL = 0;
				GCC_PREPROCESSOR_DEFINITIONS = (
					"DEBUG=1",
					"$(inherited)",
				);
				GCC_SYMBOLS_PRIVATE_EXTERN = NO;
				GCC_VERSION = com.apple.compilers.llvm.clang.1_0;
				GCC_WARN_ABOUT_RETURN_TYPE = YES;
				GCC_WARN_UNINITIALIZED_AUTOS = YES;
				GCC_WARN_UNUSED_VARIABLE = YES;
				IPHONEOS_DEPLOYMENT_TARGET = 5.1;
				RUN_CLANG_STATIC_ANALYZER = YES;
				SDKROOT = iphoneos;
			};
			name = Debug;
		};
		CEE76B781568BDD6008D9249 /* Release */ = {
			isa = XCBuildConfiguration;
			buildSettings = {
				ALWAYS_SEARCH_USER_PATHS = NO;
				ARCHS = "$(ARCHS_STANDARD_32_BIT)";
				CLANG_ENABLE_OBJC_ARC = YES;
				"CODE_SIGN_IDENTITY[sdk=iphoneos*]" = "iPhone Developer";
				COPY_PHASE_STRIP = YES;
				GCC_C_LANGUAGE_STANDARD = gnu99;
				GCC_VERSION = com.apple.compilers.llvm.clang.1_0;
				GCC_WARN_ABOUT_RETURN_TYPE = YES;
				GCC_WARN_UNINITIALIZED_AUTOS = YES;
				GCC_WARN_UNUSED_VARIABLE = YES;
				IPHONEOS_DEPLOYMENT_TARGET = 5.1;
				OTHER_CFLAGS = "-DNS_BLOCK_ASSERTIONS=1";
				RUN_CLANG_STATIC_ANALYZER = YES;
				SDKROOT = iphoneos;
				VALIDATE_PRODUCT = YES;
			};
			name = Release;
		};
		CEE76B7A1568BDD6008D9249 /* Debug */ = {
			isa = XCBuildConfiguration;
			buildSettings = {
				GCC_PRECOMPILE_PREFIX_HEADER = YES;
				GCC_PREFIX_HEADER = "UICatalog5/UICatalog5-Prefix.pch";
				INFOPLIST_FILE = "UICatalog5/UICatalog5-Info.plist";
				PRODUCT_NAME = "$(TARGET_NAME)";
				WRAPPER_EXTENSION = app;
			};
			name = Debug;
		};
		CEE76B7B1568BDD6008D9249 /* Release */ = {
			isa = XCBuildConfiguration;
			buildSettings = {
				GCC_PRECOMPILE_PREFIX_HEADER = YES;
				GCC_PREFIX_HEADER = "UICatalog5/UICatalog5-Prefix.pch";
				INFOPLIST_FILE = "UICatalog5/UICatalog5-Info.plist";
				PRODUCT_NAME = "$(TARGET_NAME)";
				WRAPPER_EXTENSION = app;
			};
			name = Release;
		};
/* End XCBuildConfiguration section */

/* Begin XCConfigurationList section */
		CEE76B5B1568BDD6008D9249 /* Build configuration list for PBXProject "UICatalog5" */ = {
			isa = XCConfigurationList;
			buildConfigurations = (
				CEE76B771568BDD6008D9249 /* Debug */,
				CEE76B781568BDD6008D9249 /* Release */,
			);
			defaultConfigurationIsVisible = 0;
			defaultConfigurationName = Release;
		};
		CEE76B791568BDD6008D9249 /* Build configuration list for PBXNativeTarget "UICatalog5" */ = {
			isa = XCConfigurationList;
			buildConfigurations = (
				CEE76B7A1568BDD6008D9249 /* Debug */,
				CEE76B7B1568BDD6008D9249 /* Release */,
			);
			defaultConfigurationIsVisible = 0;
			defaultConfigurationName = Release;
		};
/* End XCConfigurationList section */
	};
	rootObject = CEE76B581568BDD6008D9249 /* Project object */;
}
